{
  "name": "cv-tool",
  "version": "0.0.0",
  "lockfileVersion": 3,
  "requires": true,
  "packages": {
    "": {
      "name": "cv-tool",
      "version": "0.0.0",
      "workspaces": [
        "apps/*",
        "packages/*"
      ],
      "devDependencies": {
        "turbo": "^2.0.0"
      }
    },
    "apps/backend": {
      "name": "@cv-tool/backend",
      "version": "0.0.0",
      "dependencies": {
        "@cv-tool/contracts": "*",
        "@orpc/openapi": "^1.13.6",
        "@orpc/server": "^1.13.6",
        "@orpc/zod": "^1.13.6",
        "postgres": "^3.4.5",
        "zod": "^4.3.6"
      },
      "devDependencies": {
        "@cv-tool/tsconfig": "*",
        "@types/node": "^20.12.7",
        "tsx": "^4.7.3",
        "typescript": "^5.4.5"
      }
    },
    "apps/frontend": {
      "name": "@cv-tool/frontend",
      "version": "0.0.0",
      "dependencies": {
        "@cv-tool/contracts": "*",
        "@orpc/client": "^1.13.6",
        "@orpc/openapi-client": "^1.13.6",
        "@tanstack/react-query": "^5.80.7",
        "@tanstack/react-router": "^1.121.5",
        "i18next": "^25.2.1",
        "i18next-browser-languagedetector": "^8.0.5",
        "react": "^19.1.0",
        "react-dom": "^19.1.0",
        "react-i18next": "^15.5.2"
      },
      "devDependencies": {
        "@cv-tool/tsconfig": "*",
        "@tanstack/router-plugin": "^1.121.5",
        "@testing-library/jest-dom": "^6.9.1",
        "@testing-library/react": "^16.3.2",
        "@testing-library/user-event": "^14.6.1",
        "@types/node": "^20.12.7",
        "@types/react": "^19.1.6",
        "@types/react-dom": "^19.1.5",
        "@vitejs/plugin-react": "^4.5.2",
        "@vitest/coverage-v8": "^4.0.18",
        "eslint": "^9.28.0",
        "jsdom": "^28.1.0",
        "typescript": "^5.4.5",
        "typescript-eslint": "^8.34.1",
        "vite": "^6.3.5",
        "vitest": "^4.0.18"
      }
    },
    "packages/contracts": {
      "name": "@cv-tool/contracts",
      "version": "0.0.0",
      "dependencies": {
        "@orpc/contract": "^1.13.6",
        "zod": "^4.3.6"
      },
      "devDependencies": {
        "@cv-tool/tsconfig": "*",
        "typescript": "^5.4.5"
      }
    },
    "packages/database": {
      "name": "@cv-tool/database",
      "version": "0.0.0"
    },
    "packages/tsconfig": {
      "name": "@cv-tool/tsconfig",
      "version": "0.0.0"
    }
  }
}
